
Microsoft Visual Studio Solution File, Format Version 12.00
# Visual Studio Version 16
VisualStudioVersion = 16.0.30907.101
MinimumVisualStudioVersion = 10.0.40219.1
Project("{00D1A9C2-B5F0-4AF3-8072-F6C62B433612}") = "LDCDatabaseProject", "LDCDatabaseProject\LDCDatabaseProject.sqlproj", "{580FC5DF-7F67-4ED6-A49C-364C3A04A3AB}"
EndProject
Global
	GlobalSection(SolutionConfigurationPlatforms) = preSolution
		Debug|Any CPU = Debug|Any CPU
		Release|Any CPU = Release|Any CPU
	EndGlobalSection
	GlobalSection(ProjectConfigurationPlatforms) = postSolution
		{580FC5DF-7F67-4ED6-A49C-364C3A04A3AB}.Debug|Any CPU.ActiveCfg = Debug|Any CPU
		{580FC5DF-7F67-4ED6-A49C-364C3A04A3AB}.Debug|Any CPU.Build.0 = Debug|Any CPU
		{580FC5DF-7F67-4ED6-A49C-364C3A04A3AB}.Debug|Any CPU.Deploy.0 = Debug|Any CPU
		{580FC5DF-7F67-4ED6-A49C-364C3A04A3AB}.Release|Any CPU.ActiveCfg = Release|Any CPU
		{580FC5DF-7F67-4ED6-A49C-364C3A04A3AB}.Release|Any CPU.Build.0 = Release|Any CPU
		{580FC5DF-7F67-4ED6-A49C-364C3A04A3AB}.Release|Any CPU.Deploy.0 = Release|Any CPU
	EndGlobalSection
	GlobalSection(SolutionProperties) = preSolution
		HideSolutionNode = FALSE
	EndGlobalSection
	GlobalSection(ExtensibilityGlobals) = postSolution
		SolutionGuid = {F6C71B2A-169D-400B-9694-D8DCB6CA2BEA}
	EndGlobalSection
EndGlobal
